
Microsoft Visual Studio Solution File, Format Version 12.00
# Visual Studio 14
VisualStudioVersion = 14.0.25123.0
MinimumVisualStudioVersion = 10.0.40219.1
Project("{8BC9CEB8-8B4A-11D0-8D11-00A0C91BC942}") = "d-tree-lib", "d-tree-lib\d-tree-lib.vcxproj", "{2F2C200A-9475-4F54-B288-C2907011E479}"
EndProject
Project("{8BC9CEB8-8B4A-11D0-8D11-00A0C91BC942}") = "queue", "queue\queue.vcxproj", "{BB0BB47B-DD4C-4661-AE6E-2C5AF3B2093E}"
EndProject
Project("{8BC9CEB8-8B4A-11D0-8D11-00A0C91BC942}") = "graph", "graph\graph.vcxproj", "{B386C7D2-9D4A-4EF0-9650-A66B7B0698A8}"
EndProject
Project("{8BC9CEB8-8B4A-11D0-8D11-00A0C91BC942}") = "sep-set", "sep-set\sep-set.vcxproj", "{CB2D287E-1697-4F6C-A74D-62EA31570024}"
EndProject
Project("{2150E333-8FDC-42A3-9474-1A3956D46DE8}") = "lib", "lib", "{7F49C4D9-C55F-4794-A3D8-E6C8B1276DFE}"
EndProject
Project("{2150E333-8FDC-42A3-9474-1A3956D46DE8}") = "alg", "alg", "{69C4531C-A9B4-4818-99C7-28E84D9828A8}"
EndProject
Project("{8BC9CEB8-8B4A-11D0-8D11-00A0C91BC942}") = "Dijkstra", "Dijkstra\Dijkstra.vcxproj", "{A5EE2744-C8F4-4E0F-926A-66E950CC3C5A}"
EndProject
Project("{8BC9CEB8-8B4A-11D0-8D11-00A0C91BC942}") = "Kruskl", "Kruskl\Kruskl.vcxproj", "{9A1F1A65-3072-4446-8767-4317DBB37ABC}"
EndProject
Project("{8BC9CEB8-8B4A-11D0-8D11-00A0C91BC942}") = "heapsort", "heapsort\heapsort.vcxproj", "{EA064477-57B1-4F32-91BB-FA1C7C507793}"
EndProject
Project("{2150E333-8FDC-42A3-9474-1A3956D46DE8}") = "sample", "sample", "{4E26A6B2-D832-47A5-B50D-9DAADFFD78E9}"
EndProject
Project("{8BC9CEB8-8B4A-11D0-8D11-00A0C91BC942}") = "sample-Dijkstra", "sample-Dijkstra\sample-Dijkstra.vcxproj", "{73F25C30-65E0-40F8-8D37-4FE60447064D}"
EndProject
Project("{8BC9CEB8-8B4A-11D0-8D11-00A0C91BC942}") = "sample-Kruskl", "sample-Kruskl\sample-Kruskl.vcxproj", "{9E9E542B-5629-4BB2-B21E-38EC27BA4E5D}"
EndProject
Project("{8BC9CEB8-8B4A-11D0-8D11-00A0C91BC942}") = "sample-heapsort", "sample-heapsort\sample-heapsort.vcxproj", "{408BD031-AB08-45CD-8025-2553F90BDC0E}"
EndProject
Project("{8BC9CEB8-8B4A-11D0-8D11-00A0C91BC942}") = "gtest", "gtest\gtest.vcxproj", "{8572FF57-5698-4A9E-8B8C-737D3CC44BDC}"
EndProject
Project("{8BC9CEB8-8B4A-11D0-8D11-00A0C91BC942}") = "test", "test\test.vcxproj", "{8EAE8AFB-71F6-48E0-8766-58784700F95F}"
EndProject
Project("{8BC9CEB8-8B4A-11D0-8D11-00A0C91BC942}") = "view_graph", "view_graph\view_graph.vcxproj", "{9696B190-8A31-45BA-A43E-0287102EF438}"
EndProject
Project("{2150E333-8FDC-42A3-9474-1A3956D46DE8}") = "test-all", "test-all", "{7A268246-C5E2-4FFE-8D42-9B4C3D47E604}"
EndProject
Project("{8BC9CEB8-8B4A-11D0-8D11-00A0C91BC942}") = "bin-search-tree", "bin-search-tree\bin-search-tree.vcxproj", "{BD27B2F3-38EB-42FC-BEC8-094F1441B258}"
EndProject
Project("{8BC9CEB8-8B4A-11D0-8D11-00A0C91BC942}") = "table", "table\table.vcxproj", "{8E4ECEFC-3C36-4BC6-A838-F8AFD3146CCD}"
EndProject
Global
	GlobalSection(SolutionConfigurationPlatforms) = preSolution
		Debug|x64 = Debug|x64
		Debug|x86 = Debug|x86
		Release|x64 = Release|x64
		Release|x86 = Release|x86
	EndGlobalSection
	GlobalSection(ProjectConfigurationPlatforms) = postSolution
		{2F2C200A-9475-4F54-B288-C2907011E479}.Debug|x64.ActiveCfg = Debug|x64
		{2F2C200A-9475-4F54-B288-C2907011E479}.Debug|x64.Build.0 = Debug|x64
		{2F2C200A-9475-4F54-B288-C2907011E479}.Debug|x86.ActiveCfg = Debug|Win32
		{2F2C200A-9475-4F54-B288-C2907011E479}.Debug|x86.Build.0 = Debug|Win32
		{2F2C200A-9475-4F54-B288-C2907011E479}.Release|x64.ActiveCfg = Release|x64
		{2F2C200A-9475-4F54-B288-C2907011E479}.Release|x64.Build.0 = Release|x64
		{2F2C200A-9475-4F54-B288-C2907011E479}.Release|x86.ActiveCfg = Release|Win32
		{2F2C200A-9475-4F54-B288-C2907011E479}.Release|x86.Build.0 = Release|Win32
		{BB0BB47B-DD4C-4661-AE6E-2C5AF3B2093E}.Debug|x64.ActiveCfg = Debug|x64
		{BB0BB47B-DD4C-4661-AE6E-2C5AF3B2093E}.Debug|x64.Build.0 = Debug|x64
		{BB0BB47B-DD4C-4661-AE6E-2C5AF3B2093E}.Debug|x86.ActiveCfg = Debug|Win32
		{BB0BB47B-DD4C-4661-AE6E-2C5AF3B2093E}.Debug|x86.Build.0 = Debug|Win32
		{BB0BB47B-DD4C-4661-AE6E-2C5AF3B2093E}.Release|x64.ActiveCfg = Release|x64
		{BB0BB47B-DD4C-4661-AE6E-2C5AF3B2093E}.Release|x64.Build.0 = Release|x64
		{BB0BB47B-DD4C-4661-AE6E-2C5AF3B2093E}.Release|x86.ActiveCfg = Release|Win32
		{BB0BB47B-DD4C-4661-AE6E-2C5AF3B2093E}.Release|x86.Build.0 = Release|Win32
		{B386C7D2-9D4A-4EF0-9650-A66B7B0698A8}.Debug|x64.ActiveCfg = Debug|x64
		{B386C7D2-9D4A-4EF0-9650-A66B7B0698A8}.Debug|x64.Build.0 = Debug|x64
		{B386C7D2-9D4A-4EF0-9650-A66B7B0698A8}.Debug|x86.ActiveCfg = Debug|Win32
		{B386C7D2-9D4A-4EF0-9650-A66B7B0698A8}.Debug|x86.Build.0 = Debug|Win32
		{B386C7D2-9D4A-4EF0-9650-A66B7B0698A8}.Release|x64.ActiveCfg = Release|x64
		{B386C7D2-9D4A-4EF0-9650-A66B7B0698A8}.Release|x64.Build.0 = Release|x64
		{B386C7D2-9D4A-4EF0-9650-A66B7B0698A8}.Release|x86.ActiveCfg = Release|Win32
		{B386C7D2-9D4A-4EF0-9650-A66B7B0698A8}.Release|x86.Build.0 = Release|Win32
		{CB2D287E-1697-4F6C-A74D-62EA31570024}.Debug|x64.ActiveCfg = Debug|x64
		{CB2D287E-1697-4F6C-A74D-62EA31570024}.Debug|x64.Build.0 = Debug|x64
		{CB2D287E-1697-4F6C-A74D-62EA31570024}.Debug|x86.ActiveCfg = Debug|Win32
		{CB2D287E-1697-4F6C-A74D-62EA31570024}.Debug|x86.Build.0 = Debug|Win32
		{CB2D287E-1697-4F6C-A74D-62EA31570024}.Release|x64.ActiveCfg = Release|x64
		{CB2D287E-1697-4F6C-A74D-62EA31570024}.Release|x64.Build.0 = Release|x64
		{CB2D287E-1697-4F6C-A74D-62EA31570024}.Release|x86.ActiveCfg = Release|Win32
		{CB2D287E-1697-4F6C-A74D-62EA31570024}.Release|x86.Build.0 = Release|Win32
		{A5EE2744-C8F4-4E0F-926A-66E950CC3C5A}.Debug|x64.ActiveCfg = Debug|x64
		{A5EE2744-C8F4-4E0F-926A-66E950CC3C5A}.Debug|x64.Build.0 = Debug|x64
		{A5EE2744-C8F4-4E0F-926A-66E950CC3C5A}.Debug|x86.ActiveCfg = Debug|Win32
		{A5EE2744-C8F4-4E0F-926A-66E950CC3C5A}.Debug|x86.Build.0 = Debug|Win32
		{A5EE2744-C8F4-4E0F-926A-66E950CC3C5A}.Release|x64.ActiveCfg = Release|x64
		{A5EE2744-C8F4-4E0F-926A-66E950CC3C5A}.Release|x64.Build.0 = Release|x64
		{A5EE2744-C8F4-4E0F-926A-66E950CC3C5A}.Release|x86.ActiveCfg = Release|Win32
		{A5EE2744-C8F4-4E0F-926A-66E950CC3C5A}.Release|x86.Build.0 = Release|Win32
		{9A1F1A65-3072-4446-8767-4317DBB37ABC}.Debug|x64.ActiveCfg = Debug|x64
		{9A1F1A65-3072-4446-8767-4317DBB37ABC}.Debug|x64.Build.0 = Debug|x64
		{9A1F1A65-3072-4446-8767-4317DBB37ABC}.Debug|x86.ActiveCfg = Debug|Win32
		{9A1F1A65-3072-4446-8767-4317DBB37ABC}.Debug|x86.Build.0 = Debug|Win32
		{9A1F1A65-3072-4446-8767-4317DBB37ABC}.Release|x64.ActiveCfg = Release|x64
		{9A1F1A65-3072-4446-8767-4317DBB37ABC}.Release|x64.Build.0 = Release|x64
		{9A1F1A65-3072-4446-8767-4317DBB37ABC}.Release|x86.ActiveCfg = Release|Win32
		{9A1F1A65-3072-4446-8767-4317DBB37ABC}.Release|x86.Build.0 = Release|Win32
		{EA064477-57B1-4F32-91BB-FA1C7C507793}.Debug|x64.ActiveCfg = Debug|x64
		{EA064477-57B1-4F32-91BB-FA1C7C507793}.Debug|x64.Build.0 = Debug|x64
		{EA064477-57B1-4F32-91BB-FA1C7C507793}.Debug|x86.ActiveCfg = Debug|Win32
		{EA064477-57B1-4F32-91BB-FA1C7C507793}.Debug|x86.Build.0 = Debug|Win32
		{EA064477-57B1-4F32-91BB-FA1C7C507793}.Release|x64.ActiveCfg = Release|x64
		{EA064477-57B1-4F32-91BB-FA1C7C507793}.Release|x64.Build.0 = Release|x64
		{EA064477-57B1-4F32-91BB-FA1C7C507793}.Release|x86.ActiveCfg = Release|Win32
		{EA064477-57B1-4F32-91BB-FA1C7C507793}.Release|x86.Build.0 = Release|Win32
		{73F25C30-65E0-40F8-8D37-4FE60447064D}.Debug|x64.ActiveCfg = Debug|x64
		{73F25C30-65E0-40F8-8D37-4FE60447064D}.Debug|x64.Build.0 = Debug|x64
		{73F25C30-65E0-40F8-8D37-4FE60447064D}.Debug|x86.ActiveCfg = Debug|Win32
		{73F25C30-65E0-40F8-8D37-4FE60447064D}.Debug|x86.Build.0 = Debug|Win32
		{73F25C30-65E0-40F8-8D37-4FE60447064D}.Release|x64.ActiveCfg = Release|x64
		{73F25C30-65E0-40F8-8D37-4FE60447064D}.Release|x64.Build.0 = Release|x64
		{73F25C30-65E0-40F8-8D37-4FE60447064D}.Release|x86.ActiveCfg = Release|Win32
		{73F25C30-65E0-40F8-8D37-4FE60447064D}.Release|x86.Build.0 = Release|Win32
		{9E9E542B-5629-4BB2-B21E-38EC27BA4E5D}.Debug|x64.ActiveCfg = Debug|x64
		{9E9E542B-5629-4BB2-B21E-38EC27BA4E5D}.Debug|x64.Build.0 = Debug|x64
		{9E9E542B-5629-4BB2-B21E-38EC27BA4E5D}.Debug|x86.ActiveCfg = Debug|Win32
		{9E9E542B-5629-4BB2-B21E-38EC27BA4E5D}.Debug|x86.Build.0 = Debug|Win32
		{9E9E542B-5629-4BB2-B21E-38EC27BA4E5D}.Release|x64.ActiveCfg = Release|x64
		{9E9E542B-5629-4BB2-B21E-38EC27BA4E5D}.Release|x64.Build.0 = Release|x64
		{9E9E542B-5629-4BB2-B21E-38EC27BA4E5D}.Release|x86.ActiveCfg = Release|Win32
		{9E9E542B-5629-4BB2-B21E-38EC27BA4E5D}.Release|x86.Build.0 = Release|Win32
		{408BD031-AB08-45CD-8025-2553F90BDC0E}.Debug|x64.ActiveCfg = Debug|x64
		{408BD031-AB08-45CD-8025-2553F90BDC0E}.Debug|x64.Build.0 = Debug|x64
		{408BD031-AB08-45CD-8025-2553F90BDC0E}.Debug|x86.ActiveCfg = Debug|Win32
		{408BD031-AB08-45CD-8025-2553F90BDC0E}.Debug|x86.Build.0 = Debug|Win32
		{408BD031-AB08-45CD-8025-2553F90BDC0E}.Release|x64.ActiveCfg = Release|x64
		{408BD031-AB08-45CD-8025-2553F90BDC0E}.Release|x64.Build.0 = Release|x64
		{408BD031-AB08-45CD-8025-2553F90BDC0E}.Release|x86.ActiveCfg = Release|Win32
		{408BD031-AB08-45CD-8025-2553F90BDC0E}.Release|x86.Build.0 = Release|Win32
		{8572FF57-5698-4A9E-8B8C-737D3CC44BDC}.Debug|x64.ActiveCfg = Debug|x64
		{8572FF57-5698-4A9E-8B8C-737D3CC44BDC}.Debug|x64.Build.0 = Debug|x64
		{8572FF57-5698-4A9E-8B8C-737D3CC44BDC}.Debug|x86.ActiveCfg = Debug|Win32
		{8572FF57-5698-4A9E-8B8C-737D3CC44BDC}.Debug|x86.Build.0 = Debug|Win32
		{8572FF57-5698-4A9E-8B8C-737D3CC44BDC}.Release|x64.ActiveCfg = Release|x64
		{8572FF57-5698-4A9E-8B8C-737D3CC44BDC}.Release|x64.Build.0 = Release|x64
		{8572FF57-5698-4A9E-8B8C-737D3CC44BDC}.Release|x86.ActiveCfg = Release|Win32
		{8572FF57-5698-4A9E-8B8C-737D3CC44BDC}.Release|x86.Build.0 = Release|Win32
		{8EAE8AFB-71F6-48E0-8766-58784700F95F}.Debug|x64.ActiveCfg = Debug|x64
		{8EAE8AFB-71F6-48E0-8766-58784700F95F}.Debug|x64.Build.0 = Debug|x64
		{8EAE8AFB-71F6-48E0-8766-58784700F95F}.Debug|x86.ActiveCfg = Debug|Win32
		{8EAE8AFB-71F6-48E0-8766-58784700F95F}.Debug|x86.Build.0 = Debug|Win32
		{8EAE8AFB-71F6-48E0-8766-58784700F95F}.Release|x64.ActiveCfg = Release|x64
		{8EAE8AFB-71F6-48E0-8766-58784700F95F}.Release|x64.Build.0 = Release|x64
		{8EAE8AFB-71F6-48E0-8766-58784700F95F}.Release|x86.ActiveCfg = Release|Win32
		{8EAE8AFB-71F6-48E0-8766-58784700F95F}.Release|x86.Build.0 = Release|Win32
		{9696B190-8A31-45BA-A43E-0287102EF438}.Debug|x64.ActiveCfg = Debug|x64
		{9696B190-8A31-45BA-A43E-0287102EF438}.Debug|x64.Build.0 = Debug|x64
		{9696B190-8A31-45BA-A43E-0287102EF438}.Debug|x86.ActiveCfg = Debug|Win32
		{9696B190-8A31-45BA-A43E-0287102EF438}.Debug|x86.Build.0 = Debug|Win32
		{9696B190-8A31-45BA-A43E-0287102EF438}.Release|x64.ActiveCfg = Release|x64
		{9696B190-8A31-45BA-A43E-0287102EF438}.Release|x64.Build.0 = Release|x64
		{9696B190-8A31-45BA-A43E-0287102EF438}.Release|x86.ActiveCfg = Release|Win32
		{9696B190-8A31-45BA-A43E-0287102EF438}.Release|x86.Build.0 = Release|Win32
		{BD27B2F3-38EB-42FC-BEC8-094F1441B258}.Debug|x64.ActiveCfg = Debug|x64
		{BD27B2F3-38EB-42FC-BEC8-094F1441B258}.Debug|x64.Build.0 = Debug|x64
		{BD27B2F3-38EB-42FC-BEC8-094F1441B258}.Debug|x86.ActiveCfg = Debug|Win32
		{BD27B2F3-38EB-42FC-BEC8-094F1441B258}.Debug|x86.Build.0 = Debug|Win32
		{BD27B2F3-38EB-42FC-BEC8-094F1441B258}.Release|x64.ActiveCfg = Release|x64
		{BD27B2F3-38EB-42FC-BEC8-094F1441B258}.Release|x64.Build.0 = Release|x64
		{BD27B2F3-38EB-42FC-BEC8-094F1441B258}.Release|x86.ActiveCfg = Release|Win32
		{BD27B2F3-38EB-42FC-BEC8-094F1441B258}.Release|x86.Build.0 = Release|Win32
		{8E4ECEFC-3C36-4BC6-A838-F8AFD3146CCD}.Debug|x64.ActiveCfg = Debug|x64
		{8E4ECEFC-3C36-4BC6-A838-F8AFD3146CCD}.Debug|x64.Build.0 = Debug|x64
		{8E4ECEFC-3C36-4BC6-A838-F8AFD3146CCD}.Debug|x86.ActiveCfg = Debug|Win32
		{8E4ECEFC-3C36-4BC6-A838-F8AFD3146CCD}.Debug|x86.Build.0 = Debug|Win32
		{8E4ECEFC-3C36-4BC6-A838-F8AFD3146CCD}.Release|x64.ActiveCfg = Release|x64
		{8E4ECEFC-3C36-4BC6-A838-F8AFD3146CCD}.Release|x64.Build.0 = Release|x64
		{8E4ECEFC-3C36-4BC6-A838-F8AFD3146CCD}.Release|x86.ActiveCfg = Release|Win32
		{8E4ECEFC-3C36-4BC6-A838-F8AFD3146CCD}.Release|x86.Build.0 = Release|Win32
	EndGlobalSection
	GlobalSection(SolutionProperties) = preSolution
		HideSolutionNode = FALSE
	EndGlobalSection
	GlobalSection(NestedProjects) = preSolution
		{2F2C200A-9475-4F54-B288-C2907011E479} = {7F49C4D9-C55F-4794-A3D8-E6C8B1276DFE}
		{BB0BB47B-DD4C-4661-AE6E-2C5AF3B2093E} = {7F49C4D9-C55F-4794-A3D8-E6C8B1276DFE}
		{B386C7D2-9D4A-4EF0-9650-A66B7B0698A8} = {7F49C4D9-C55F-4794-A3D8-E6C8B1276DFE}
		{CB2D287E-1697-4F6C-A74D-62EA31570024} = {7F49C4D9-C55F-4794-A3D8-E6C8B1276DFE}
		{A5EE2744-C8F4-4E0F-926A-66E950CC3C5A} = {69C4531C-A9B4-4818-99C7-28E84D9828A8}
		{9A1F1A65-3072-4446-8767-4317DBB37ABC} = {69C4531C-A9B4-4818-99C7-28E84D9828A8}
		{EA064477-57B1-4F32-91BB-FA1C7C507793} = {69C4531C-A9B4-4818-99C7-28E84D9828A8}
		{73F25C30-65E0-40F8-8D37-4FE60447064D} = {4E26A6B2-D832-47A5-B50D-9DAADFFD78E9}
		{9E9E542B-5629-4BB2-B21E-38EC27BA4E5D} = {4E26A6B2-D832-47A5-B50D-9DAADFFD78E9}
		{408BD031-AB08-45CD-8025-2553F90BDC0E} = {4E26A6B2-D832-47A5-B50D-9DAADFFD78E9}
		{8572FF57-5698-4A9E-8B8C-737D3CC44BDC} = {7A268246-C5E2-4FFE-8D42-9B4C3D47E604}
		{8EAE8AFB-71F6-48E0-8766-58784700F95F} = {7A268246-C5E2-4FFE-8D42-9B4C3D47E604}
		{BD27B2F3-38EB-42FC-BEC8-094F1441B258} = {7F49C4D9-C55F-4794-A3D8-E6C8B1276DFE}
		{8E4ECEFC-3C36-4BC6-A838-F8AFD3146CCD} = {7F49C4D9-C55F-4794-A3D8-E6C8B1276DFE}
	EndGlobalSection
EndGlobal
